{
  "name": "proxy.py",
  "version": "1.0.0",
  "lockfileVersion": 1,
  "requires": true,
  "dependencies": {
    "chrome-devtools-frontend": {
      "version": "1.0.702145",
      "resolved": "https://registry.npmjs.org/chrome-devtools-frontend/-/chrome-devtools-frontend-1.0.702145.tgz",
      "integrity": "sha512-/GtRYVUWETCifkvlfYhrJkPg/SrTVcMwNNj7Q2Ax0LELwCil7AUF5QYY/jMMjv5QYLHSgSzWX0yICK3qqUDkhw==",
      "dev": true
    }
  }
}
