{
  "name": "proxy.py",
  "version": "1.0.1",
  "lockfileVersion": 1,
  "requires": true,
  "dependencies": {
    "chrome-devtools-frontend": {
      "version": "1.0.702145",
      "resolved": "https://registry.npmjs.org/chrome-devtools-frontend/-/chrome-devtools-frontend-1.0.702145.tgz",
      "integrity": "sha512-/GtRYVUWETCifkvlfYhrJkPg/SrTVcMwNNj7Q2Ax0LELwCil7AUF5QYY/jMMjv5QYLHSgSzWX0yICK3qqUDkhw==",
      "dev": true
    },
    "ncp": {
      "version": "2.0.0",
      "resolved": "https://registry.npmjs.org/ncp/-/ncp-2.0.0.tgz",
      "integrity": "sha1-GVoh1sRuNh0vsSgbo4uR6d9727M=",
      "dev": true
    }
  }
}
