{
  "name": "proxy.py",
  "version": "1.0.1",
  "lockfileVersion": 1,
  "requires": true,
  "dependencies": {
    "async-limiter": {
      "version": "1.0.1",
      "resolved": "https://registry.npmjs.org/async-limiter/-/async-limiter-1.0.1.tgz",
      "integrity": "sha512-csOlWGAcRFJaI6m+F2WKdnMKr4HhdhFVBk0H/QbJFMCr+uO2kwohwXQPxw/9OCxp05r5ghVBFSyioixx3gfkNQ==",
      "dev": true
    },
    "chrome-devtools-frontend": {
      "version": "1.0.702145",
      "resolved": "https://registry.npmjs.org/chrome-devtools-frontend/-/chrome-devtools-frontend-1.0.702145.tgz",
      "integrity": "sha512-/GtRYVUWETCifkvlfYhrJkPg/SrTVcMwNNj7Q2Ax0LELwCil7AUF5QYY/jMMjv5QYLHSgSzWX0yICK3qqUDkhw==",
      "dev": true
    },
    "chrome-remote-interface": {
      "version": "0.28.0",
      "resolved": "https://registry.npmjs.org/chrome-remote-interface/-/chrome-remote-interface-0.28.0.tgz",
      "integrity": "sha512-md2qSn6rc/fADlN+Blk2UWNg0SGPYjH2s68piaPN9e62HItKm6uWeXXHh0+28Bq10oaWw8fzNAm1itDFJ+nS4w==",
      "dev": true,
      "requires": {
        "commander": "2.11.x",
        "ws": "^6.1.0"
      }
    },
    "commander": {
      "version": "2.11.0",
      "resolved": "https://registry.npmjs.org/commander/-/commander-2.11.0.tgz",
      "integrity": "sha512-b0553uYA5YAEGgyYIGYROzKQ7X5RAqedkfjiZxwi0kL1g3bOaBNNZfYkzt/CL0umgD5wc9Jec2FbB98CjkMRvQ==",
      "dev": true
    },
    "ncp": {
      "version": "2.0.0",
      "resolved": "https://registry.npmjs.org/ncp/-/ncp-2.0.0.tgz",
      "integrity": "sha1-GVoh1sRuNh0vsSgbo4uR6d9727M=",
      "dev": true
    },
    "ws": {
      "version": "6.2.1",
      "resolved": "https://registry.npmjs.org/ws/-/ws-6.2.1.tgz",
      "integrity": "sha512-GIyAXC2cB7LjvpgMt9EKS2ldqr0MTrORaleiOno6TweZ6r3TKtoFQWay/2PceJ3RuBasOHzXNn5Lrw1X0bEjqA==",
      "dev": true,
      "requires": {
        "async-limiter": "~1.0.0"
      }
    }
  }
}
