// !$*UTF8*$!
{
	archiveVersion = 1;
	classes = {
	};
	objectVersion = 50;
	objects = {

/* Begin PBXBuildFile section */
		AD1F92A7238864240088A917 /* AppDelegate.swift in Sources */ = {isa = PBXBuildFile; fileRef = AD1F92A6238864240088A917 /* AppDelegate.swift */; };
		AD1F92A9238864240088A917 /* ContentView.swift in Sources */ = {isa = PBXBuildFile; fileRef = AD1F92A8238864240088A917 /* ContentView.swift */; };
		AD1F92AB238864260088A917 /* Assets.xcassets in Resources */ = {isa = PBXBuildFile; fileRef = AD1F92AA238864260088A917 /* Assets.xcassets */; };
		AD1F92AE238864260088A917 /* Preview Assets.xcassets in Resources */ = {isa = PBXBuildFile; fileRef = AD1F92AD238864260088A917 /* Preview Assets.xcassets */; };
		AD1F92B1238864260088A917 /* Main.storyboard in Resources */ = {isa = PBXBuildFile; fileRef = AD1F92AF238864260088A917 /* Main.storyboard */; };
		AD1F92BD238864260088A917 /* proxy_pyTests.swift in Sources */ = {isa = PBXBuildFile; fileRef = AD1F92BC238864260088A917 /* proxy_pyTests.swift */; };
		AD1F92C8238864260088A917 /* proxy_pyUITests.swift in Sources */ = {isa = PBXBuildFile; fileRef = AD1F92C7238864260088A917 /* proxy_pyUITests.swift */; };
/* End PBXBuildFile section */

/* Begin PBXContainerItemProxy section */
		AD1F92B9238864260088A917 /* PBXContainerItemProxy */ = {
			isa = PBXContainerItemProxy;
			containerPortal = AD1F929B238864240088A917 /* Project object */;
			proxyType = 1;
			remoteGlobalIDString = AD1F92A2238864240088A917;
			remoteInfo = proxy.py;
		};
		AD1F92C4238864260088A917 /* PBXContainerItemProxy */ = {
			isa = PBXContainerItemProxy;
			containerPortal = AD1F929B238864240088A917 /* Project object */;
			proxyType = 1;
			remoteGlobalIDString = AD1F92A2238864240088A917;
			remoteInfo = proxy.py;
		};
/* End PBXContainerItemProxy section */

/* Begin PBXFileReference section */
		AD1F92A3238864240088A917 /* proxy.py.app */ = {isa = PBXFileReference; explicitFileType = wrapper.application; includeInIndex = 0; path = proxy.py.app; sourceTree = BUILT_PRODUCTS_DIR; };
		AD1F92A6238864240088A917 /* AppDelegate.swift */ = {isa = PBXFileReference; lastKnownFileType = sourcecode.swift; path = AppDelegate.swift; sourceTree = "<group>"; };
		AD1F92A8238864240088A917 /* ContentView.swift */ = {isa = PBXFileReference; lastKnownFileType = sourcecode.swift; path = ContentView.swift; sourceTree = "<group>"; };
		AD1F92AA238864260088A917 /* Assets.xcassets */ = {isa = PBXFileReference; lastKnownFileType = folder.assetcatalog; path = Assets.xcassets; sourceTree = "<group>"; };
		AD1F92AD238864260088A917 /* Preview Assets.xcassets */ = {isa = PBXFileReference; lastKnownFileType = folder.assetcatalog; path = "Preview Assets.xcassets"; sourceTree = "<group>"; };
		AD1F92B0238864260088A917 /* Base */ = {isa = PBXFileReference; lastKnownFileType = file.storyboard; name = Base; path = Base.lproj/Main.storyboard; sourceTree = "<group>"; };
		AD1F92B2238864260088A917 /* Info.plist */ = {isa = PBXFileReference; lastKnownFileType = text.plist.xml; path = Info.plist; sourceTree = "<group>"; };
		AD1F92B3238864260088A917 /* proxy_py.entitlements */ = {isa = PBXFileReference; lastKnownFileType = text.plist.entitlements; path = proxy_py.entitlements; sourceTree = "<group>"; };
		AD1F92B8238864260088A917 /* proxy.pyTests.xctest */ = {isa = PBXFileReference; explicitFileType = wrapper.cfbundle; includeInIndex = 0; path = proxy.pyTests.xctest; sourceTree = BUILT_PRODUCTS_DIR; };
		AD1F92BC238864260088A917 /* proxy_pyTests.swift */ = {isa = PBXFileReference; lastKnownFileType = sourcecode.swift; path = proxy_pyTests.swift; sourceTree = "<group>"; };
		AD1F92BE238864260088A917 /* Info.plist */ = {isa = PBXFileReference; lastKnownFileType = text.plist.xml; path = Info.plist; sourceTree = "<group>"; };
		AD1F92C3238864260088A917 /* proxy.pyUITests.xctest */ = {isa = PBXFileReference; explicitFileType = wrapper.cfbundle; includeInIndex = 0; path = proxy.pyUITests.xctest; sourceTree = BUILT_PRODUCTS_DIR; };
		AD1F92C7238864260088A917 /* proxy_pyUITests.swift */ = {isa = PBXFileReference; lastKnownFileType = sourcecode.swift; path = proxy_pyUITests.swift; sourceTree = "<group>"; };
		AD1F92C9238864260088A917 /* Info.plist */ = {isa = PBXFileReference; lastKnownFileType = text.plist.xml; path = Info.plist; sourceTree = "<group>"; };
/* End PBXFileReference section */

/* Begin PBXFrameworksBuildPhase section */
		AD1F92A0238864240088A917 /* Frameworks */ = {
			isa = PBXFrameworksBuildPhase;
			buildActionMask = 2147483647;
			files = (
			);
			runOnlyForDeploymentPostprocessing = 0;
		};
		AD1F92B5238864260088A917 /* Frameworks */ = {
			isa = PBXFrameworksBuildPhase;
			buildActionMask = 2147483647;
			files = (
			);
			runOnlyForDeploymentPostprocessing = 0;
		};
		AD1F92C0238864260088A917 /* Frameworks */ = {
			isa = PBXFrameworksBuildPhase;
			buildActionMask = 2147483647;
			files = (
			);
			runOnlyForDeploymentPostprocessing = 0;
		};
/* End PBXFrameworksBuildPhase section */

/* Begin PBXGroup section */
		AD1F929A238864240088A917 = {
			isa = PBXGroup;
			children = (
				AD1F92A5238864240088A917 /* proxy.py */,
				AD1F92BB238864260088A917 /* proxy.pyTests */,
				AD1F92C6238864260088A917 /* proxy.pyUITests */,
				AD1F92A4238864240088A917 /* Products */,
			);
			sourceTree = "<group>";
		};
		AD1F92A4238864240088A917 /* Products */ = {
			isa = PBXGroup;
			children = (
				AD1F92A3238864240088A917 /* proxy.py.app */,
				AD1F92B8238864260088A917 /* proxy.pyTests.xctest */,
				AD1F92C3238864260088A917 /* proxy.pyUITests.xctest */,
			);
			name = Products;
			sourceTree = "<group>";
		};
		AD1F92A5238864240088A917 /* proxy.py */ = {
			isa = PBXGroup;
			children = (
				AD1F92A6238864240088A917 /* AppDelegate.swift */,
				AD1F92A8238864240088A917 /* ContentView.swift */,
				AD1F92AA238864260088A917 /* Assets.xcassets */,
				AD1F92AF238864260088A917 /* Main.storyboard */,
				AD1F92B2238864260088A917 /* Info.plist */,
				AD1F92B3238864260088A917 /* proxy_py.entitlements */,
				AD1F92AC238864260088A917 /* Preview Content */,
			);
			path = proxy.py;
			sourceTree = "<group>";
		};
		AD1F92AC238864260088A917 /* Preview Content */ = {
			isa = PBXGroup;
			children = (
				AD1F92AD238864260088A917 /* Preview Assets.xcassets */,
			);
			path = "Preview Content";
			sourceTree = "<group>";
		};
		AD1F92BB238864260088A917 /* proxy.pyTests */ = {
			isa = PBXGroup;
			children = (
				AD1F92BC238864260088A917 /* proxy_pyTests.swift */,
				AD1F92BE238864260088A917 /* Info.plist */,
			);
			path = proxy.pyTests;
			sourceTree = "<group>";
		};
		AD1F92C6238864260088A917 /* proxy.pyUITests */ = {
			isa = PBXGroup;
			children = (
				AD1F92C7238864260088A917 /* proxy_pyUITests.swift */,
				AD1F92C9238864260088A917 /* Info.plist */,
			);
			path = proxy.pyUITests;
			sourceTree = "<group>";
		};
/* End PBXGroup section */

/* Begin PBXNativeTarget section */
		AD1F92A2238864240088A917 /* proxy.py */ = {
			isa = PBXNativeTarget;
			buildConfigurationList = AD1F92CC238864260088A917 /* Build configuration list for PBXNativeTarget "proxy.py" */;
			buildPhases = (
				AD1F929F238864240088A917 /* Sources */,
				AD1F92A0238864240088A917 /* Frameworks */,
				AD1F92A1238864240088A917 /* Resources */,
			);
			buildRules = (
			);
			dependencies = (
			);
			name = proxy.py;
			productName = proxy.py;
			productReference = AD1F92A3238864240088A917 /* proxy.py.app */;
			productType = "com.apple.product-type.application";
		};
		AD1F92B7238864260088A917 /* proxy.pyTests */ = {
			isa = PBXNativeTarget;
			buildConfigurationList = AD1F92CF238864260088A917 /* Build configuration list for PBXNativeTarget "proxy.pyTests" */;
			buildPhases = (
				AD1F92B4238864260088A917 /* Sources */,
				AD1F92B5238864260088A917 /* Frameworks */,
				AD1F92B6238864260088A917 /* Resources */,
			);
			buildRules = (
			);
			dependencies = (
				AD1F92BA238864260088A917 /* PBXTargetDependency */,
			);
			name = proxy.pyTests;
			productName = proxy.pyTests;
			productReference = AD1F92B8238864260088A917 /* proxy.pyTests.xctest */;
			productType = "com.apple.product-type.bundle.unit-test";
		};
		AD1F92C2238864260088A917 /* proxy.pyUITests */ = {
			isa = PBXNativeTarget;
			buildConfigurationList = AD1F92D2238864260088A917 /* Build configuration list for PBXNativeTarget "proxy.pyUITests" */;
			buildPhases = (
				AD1F92BF238864260088A917 /* Sources */,
				AD1F92C0238864260088A917 /* Frameworks */,
				AD1F92C1238864260088A917 /* Resources */,
			);
			buildRules = (
			);
			dependencies = (
				AD1F92C5238864260088A917 /* PBXTargetDependency */,
			);
			name = proxy.pyUITests;
			productName = proxy.pyUITests;
			productReference = AD1F92C3238864260088A917 /* proxy.pyUITests.xctest */;
			productType = "com.apple.product-type.bundle.ui-testing";
		};
/* End PBXNativeTarget section */

/* Begin PBXProject section */
		AD1F929B238864240088A917 /* Project object */ = {
			isa = PBXProject;
			attributes = {
				LastSwiftUpdateCheck = 1120;
				LastUpgradeCheck = 1200;
				ORGANIZATIONNAME = "Abhinav Singh";
				TargetAttributes = {
					AD1F92A2238864240088A917 = {
						CreatedOnToolsVersion = 11.2.1;
					};
					AD1F92B7238864260088A917 = {
						CreatedOnToolsVersion = 11.2.1;
						TestTargetID = AD1F92A2238864240088A917;
					};
					AD1F92C2238864260088A917 = {
						CreatedOnToolsVersion = 11.2.1;
						TestTargetID = AD1F92A2238864240088A917;
					};
				};
			};
			buildConfigurationList = AD1F929E238864240088A917 /* Build configuration list for PBXProject "proxy.py" */;
			compatibilityVersion = "Xcode 9.3";
			developmentRegion = en;
			hasScannedForEncodings = 0;
			knownRegions = (
				en,
				Base,
			);
			mainGroup = AD1F929A238864240088A917;
			productRefGroup = AD1F92A4238864240088A917 /* Products */;
			projectDirPath = "";
			projectRoot = "";
			targets = (
				AD1F92A2238864240088A917 /* proxy.py */,
				AD1F92B7238864260088A917 /* proxy.pyTests */,
				AD1F92C2238864260088A917 /* proxy.pyUITests */,
			);
		};
/* End PBXProject section */

/* Begin PBXResourcesBuildPhase section */
		AD1F92A1238864240088A917 /* Resources */ = {
			isa = PBXResourcesBuildPhase;
			buildActionMask = 2147483647;
			files = (
				AD1F92B1238864260088A917 /* Main.storyboard in Resources */,
				AD1F92AE238864260088A917 /* Preview Assets.xcassets in Resources */,
				AD1F92AB238864260088A917 /* Assets.xcassets in Resources */,
			);
			runOnlyForDeploymentPostprocessing = 0;
		};
		AD1F92B6238864260088A917 /* Resources */ = {
			isa = PBXResourcesBuildPhase;
			buildActionMask = 2147483647;
			files = (
			);
			runOnlyForDeploymentPostprocessing = 0;
		};
		AD1F92C1238864260088A917 /* Resources */ = {
			isa = PBXResourcesBuildPhase;
			buildActionMask = 2147483647;
			files = (
			);
			runOnlyForDeploymentPostprocessing = 0;
		};
/* End PBXResourcesBuildPhase section */

/* Begin PBXSourcesBuildPhase section */
		AD1F929F238864240088A917 /* Sources */ = {
			isa = PBXSourcesBuildPhase;
			buildActionMask = 2147483647;
			files = (
				AD1F92A9238864240088A917 /* ContentView.swift in Sources */,
				AD1F92A7238864240088A917 /* AppDelegate.swift in Sources */,
			);
			runOnlyForDeploymentPostprocessing = 0;
		};
		AD1F92B4238864260088A917 /* Sources */ = {
			isa = PBXSourcesBuildPhase;
			buildActionMask = 2147483647;
			files = (
				AD1F92BD238864260088A917 /* proxy_pyTests.swift in Sources */,
			);
			runOnlyForDeploymentPostprocessing = 0;
		};
		AD1F92BF238864260088A917 /* Sources */ = {
			isa = PBXSourcesBuildPhase;
			buildActionMask = 2147483647;
			files = (
				AD1F92C8238864260088A917 /* proxy_pyUITests.swift in Sources */,
			);
			runOnlyForDeploymentPostprocessing = 0;
		};
/* End PBXSourcesBuildPhase section */

/* Begin PBXTargetDependency section */
		AD1F92BA238864260088A917 /* PBXTargetDependency */ = {
			isa = PBXTargetDependency;
			target = AD1F92A2238864240088A917 /* proxy.py */;
			targetProxy = AD1F92B9238864260088A917 /* PBXContainerItemProxy */;
		};
		AD1F92C5238864260088A917 /* PBXTargetDependency */ = {
			isa = PBXTargetDependency;
			target = AD1F92A2238864240088A917 /* proxy.py */;
			targetProxy = AD1F92C4238864260088A917 /* PBXContainerItemProxy */;
		};
/* End PBXTargetDependency section */

/* Begin PBXVariantGroup section */
		AD1F92AF238864260088A917 /* Main.storyboard */ = {
			isa = PBXVariantGroup;
			children = (
				AD1F92B0238864260088A917 /* Base */,
			);
			name = Main.storyboard;
			sourceTree = "<group>";
		};
/* End PBXVariantGroup section */

/* Begin XCBuildConfiguration section */
		AD1F92CA238864260088A917 /* Debug */ = {
			isa = XCBuildConfiguration;
			buildSettings = {
				ALWAYS_SEARCH_USER_PATHS = NO;
				CLANG_ANALYZER_NONNULL = YES;
				CLANG_ANALYZER_NUMBER_OBJECT_CONVERSION = YES_AGGRESSIVE;
				CLANG_CXX_LANGUAGE_STANDARD = "gnu++14";
				CLANG_CXX_LIBRARY = "libc++";
				CLANG_ENABLE_MODULES = YES;
				CLANG_ENABLE_OBJC_ARC = YES;
				CLANG_ENABLE_OBJC_WEAK = YES;
				CLANG_WARN_BLOCK_CAPTURE_AUTORELEASING = YES;
				CLANG_WARN_BOOL_CONVERSION = YES;
				CLANG_WARN_COMMA = YES;
				CLANG_WARN_CONSTANT_CONVERSION = YES;
				CLANG_WARN_DEPRECATED_OBJC_IMPLEMENTATIONS = YES;
				CLANG_WARN_DIRECT_OBJC_ISA_USAGE = YES_ERROR;
				CLANG_WARN_DOCUMENTATION_COMMENTS = YES;
				CLANG_WARN_EMPTY_BODY = YES;
				CLANG_WARN_ENUM_CONVERSION = YES;
				CLANG_WARN_INFINITE_RECURSION = YES;
				CLANG_WARN_INT_CONVERSION = YES;
				CLANG_WARN_NON_LITERAL_NULL_CONVERSION = YES;
				CLANG_WARN_OBJC_IMPLICIT_RETAIN_SELF = YES;
				CLANG_WARN_OBJC_LITERAL_CONVERSION = YES;
				CLANG_WARN_OBJC_ROOT_CLASS = YES_ERROR;
				CLANG_WARN_QUOTED_INCLUDE_IN_FRAMEWORK_HEADER = YES;
				CLANG_WARN_RANGE_LOOP_ANALYSIS = YES;
				CLANG_WARN_STRICT_PROTOTYPES = YES;
				CLANG_WARN_SUSPICIOUS_MOVE = YES;
				CLANG_WARN_UNGUARDED_AVAILABILITY = YES_AGGRESSIVE;
				CLANG_WARN_UNREACHABLE_CODE = YES;
				CLANG_WARN__DUPLICATE_METHOD_MATCH = YES;
				COPY_PHASE_STRIP = NO;
				DEBUG_INFORMATION_FORMAT = dwarf;
				ENABLE_STRICT_OBJC_MSGSEND = YES;
				ENABLE_TESTABILITY = YES;
				GCC_C_LANGUAGE_STANDARD = gnu11;
				GCC_DYNAMIC_NO_PIC = NO;
				GCC_NO_COMMON_BLOCKS = YES;
				GCC_OPTIMIZATION_LEVEL = 0;
				GCC_PREPROCESSOR_DEFINITIONS = (
					"DEBUG=1",
					"$(inherited)",
				);
				GCC_WARN_64_TO_32_BIT_CONVERSION = YES;
				GCC_WARN_ABOUT_RETURN_TYPE = YES_ERROR;
				GCC_WARN_UNDECLARED_SELECTOR = YES;
				GCC_WARN_UNINITIALIZED_AUTOS = YES_AGGRESSIVE;
				GCC_WARN_UNUSED_FUNCTION = YES;
				GCC_WARN_UNUSED_VARIABLE = YES;
				MACOSX_DEPLOYMENT_TARGET = 10.15;
				MTL_ENABLE_DEBUG_INFO = INCLUDE_SOURCE;
				MTL_FAST_MATH = YES;
				ONLY_ACTIVE_ARCH = YES;
				SDKROOT = macosx;
				SWIFT_ACTIVE_COMPILATION_CONDITIONS = DEBUG;
				SWIFT_OPTIMIZATION_LEVEL = "-Onone";
			};
			name = Debug;
		};
		AD1F92CB238864260088A917 /* Release */ = {
			isa = XCBuildConfiguration;
			buildSettings = {
				ALWAYS_SEARCH_USER_PATHS = NO;
				CLANG_ANALYZER_NONNULL = YES;
				CLANG_ANALYZER_NUMBER_OBJECT_CONVERSION = YES_AGGRESSIVE;
				CLANG_CXX_LANGUAGE_STANDARD = "gnu++14";
				CLANG_CXX_LIBRARY = "libc++";
				CLANG_ENABLE_MODULES = YES;
				CLANG_ENABLE_OBJC_ARC = YES;
				CLANG_ENABLE_OBJC_WEAK = YES;
				CLANG_WARN_BLOCK_CAPTURE_AUTORELEASING = YES;
				CLANG_WARN_BOOL_CONVERSION = YES;
				CLANG_WARN_COMMA = YES;
				CLANG_WARN_CONSTANT_CONVERSION = YES;
				CLANG_WARN_DEPRECATED_OBJC_IMPLEMENTATIONS = YES;
				CLANG_WARN_DIRECT_OBJC_ISA_USAGE = YES_ERROR;
				CLANG_WARN_DOCUMENTATION_COMMENTS = YES;
				CLANG_WARN_EMPTY_BODY = YES;
				CLANG_WARN_ENUM_CONVERSION = YES;
				CLANG_WARN_INFINITE_RECURSION = YES;
				CLANG_WARN_INT_CONVERSION = YES;
				CLANG_WARN_NON_LITERAL_NULL_CONVERSION = YES;
				CLANG_WARN_OBJC_IMPLICIT_RETAIN_SELF = YES;
				CLANG_WARN_OBJC_LITERAL_CONVERSION = YES;
				CLANG_WARN_OBJC_ROOT_CLASS = YES_ERROR;
				CLANG_WARN_QUOTED_INCLUDE_IN_FRAMEWORK_HEADER = YES;
				CLANG_WARN_RANGE_LOOP_ANALYSIS = YES;
				CLANG_WARN_STRICT_PROTOTYPES = YES;
				CLANG_WARN_SUSPICIOUS_MOVE = YES;
				CLANG_WARN_UNGUARDED_AVAILABILITY = YES_AGGRESSIVE;
				CLANG_WARN_UNREACHABLE_CODE = YES;
				CLANG_WARN__DUPLICATE_METHOD_MATCH = YES;
				COPY_PHASE_STRIP = NO;
				DEBUG_INFORMATION_FORMAT = "dwarf-with-dsym";
				ENABLE_NS_ASSERTIONS = NO;
				ENABLE_STRICT_OBJC_MSGSEND = YES;
				GCC_C_LANGUAGE_STANDARD = gnu11;
				GCC_NO_COMMON_BLOCKS = YES;
				GCC_WARN_64_TO_32_BIT_CONVERSION = YES;
				GCC_WARN_ABOUT_RETURN_TYPE = YES_ERROR;
				GCC_WARN_UNDECLARED_SELECTOR = YES;
				GCC_WARN_UNINITIALIZED_AUTOS = YES_AGGRESSIVE;
				GCC_WARN_UNUSED_FUNCTION = YES;
				GCC_WARN_UNUSED_VARIABLE = YES;
				MACOSX_DEPLOYMENT_TARGET = 10.15;
				MTL_ENABLE_DEBUG_INFO = NO;
				MTL_FAST_MATH = YES;
				SDKROOT = macosx;
				SWIFT_COMPILATION_MODE = wholemodule;
				SWIFT_OPTIMIZATION_LEVEL = "-O";
			};
			name = Release;
		};
		AD1F92CD238864260088A917 /* Debug */ = {
			isa = XCBuildConfiguration;
			buildSettings = {
				ASSETCATALOG_COMPILER_APPICON_NAME = AppIcon;
				CODE_SIGN_ENTITLEMENTS = proxy.py/proxy_py.entitlements;
				CODE_SIGN_IDENTITY = "-";
				CODE_SIGN_STYLE = Automatic;
				COMBINE_HIDPI_IMAGES = YES;
				DEVELOPMENT_ASSET_PATHS = "\"proxy.py/Preview Content\"";
				DEVELOPMENT_TEAM = G3B58EP2ZT;
				ENABLE_HARDENED_RUNTIME = YES;
				ENABLE_PREVIEWS = YES;
				INFOPLIST_FILE = proxy.py/Info.plist;
				LD_RUNPATH_SEARCH_PATHS = (
					"$(inherited)",
					"@executable_path/../Frameworks",
				);
				MACOSX_DEPLOYMENT_TARGET = 10.15;
				PRODUCT_BUNDLE_IDENTIFIER = "com.abhinavsingh.proxy-py";
				PRODUCT_NAME = "$(TARGET_NAME)";
				SWIFT_VERSION = 5.0;
			};
			name = Debug;
		};
		AD1F92CE238864260088A917 /* Release */ = {
			isa = XCBuildConfiguration;
			buildSettings = {
				ASSETCATALOG_COMPILER_APPICON_NAME = AppIcon;
				CODE_SIGN_ENTITLEMENTS = proxy.py/proxy_py.entitlements;
				CODE_SIGN_IDENTITY = "-";
				CODE_SIGN_STYLE = Automatic;
				COMBINE_HIDPI_IMAGES = YES;
				DEVELOPMENT_ASSET_PATHS = "\"proxy.py/Preview Content\"";
				DEVELOPMENT_TEAM = G3B58EP2ZT;
				ENABLE_HARDENED_RUNTIME = YES;
				ENABLE_PREVIEWS = YES;
				INFOPLIST_FILE = proxy.py/Info.plist;
				LD_RUNPATH_SEARCH_PATHS = (
					"$(inherited)",
					"@executable_path/../Frameworks",
				);
				MACOSX_DEPLOYMENT_TARGET = 10.15;
				PRODUCT_BUNDLE_IDENTIFIER = "com.abhinavsingh.proxy-py";
				PRODUCT_NAME = "$(TARGET_NAME)";
				SWIFT_VERSION = 5.0;
			};
			name = Release;
		};
		AD1F92D0238864260088A917 /* Debug */ = {
			isa = XCBuildConfiguration;
			buildSettings = {
				ALWAYS_EMBED_SWIFT_STANDARD_LIBRARIES = YES;
				BUNDLE_LOADER = "$(TEST_HOST)";
				CODE_SIGN_STYLE = Automatic;
				COMBINE_HIDPI_IMAGES = YES;
				DEVELOPMENT_TEAM = G3B58EP2ZT;
				INFOPLIST_FILE = proxy.pyTests/Info.plist;
				LD_RUNPATH_SEARCH_PATHS = (
					"$(inherited)",
					"@executable_path/../Frameworks",
					"@loader_path/../Frameworks",
				);
				MACOSX_DEPLOYMENT_TARGET = 10.15;
				PRODUCT_BUNDLE_IDENTIFIER = "com.abhinavsingh.proxy-pyTests";
				PRODUCT_NAME = "$(TARGET_NAME)";
				SWIFT_VERSION = 5.0;
				TEST_HOST = "$(BUILT_PRODUCTS_DIR)/proxy.py.app/Contents/MacOS/proxy.py";
			};
			name = Debug;
		};
		AD1F92D1238864260088A917 /* Release */ = {
			isa = XCBuildConfiguration;
			buildSettings = {
				ALWAYS_EMBED_SWIFT_STANDARD_LIBRARIES = YES;
				BUNDLE_LOADER = "$(TEST_HOST)";
				CODE_SIGN_STYLE = Automatic;
				COMBINE_HIDPI_IMAGES = YES;
				DEVELOPMENT_TEAM = G3B58EP2ZT;
				INFOPLIST_FILE = proxy.pyTests/Info.plist;
				LD_RUNPATH_SEARCH_PATHS = (
					"$(inherited)",
					"@executable_path/../Frameworks",
					"@loader_path/../Frameworks",
				);
				MACOSX_DEPLOYMENT_TARGET = 10.15;
				PRODUCT_BUNDLE_IDENTIFIER = "com.abhinavsingh.proxy-pyTests";
				PRODUCT_NAME = "$(TARGET_NAME)";
				SWIFT_VERSION = 5.0;
				TEST_HOST = "$(BUILT_PRODUCTS_DIR)/proxy.py.app/Contents/MacOS/proxy.py";
			};
			name = Release;
		};
		AD1F92D3238864260088A917 /* Debug */ = {
			isa = XCBuildConfiguration;
			buildSettings = {
				ALWAYS_EMBED_SWIFT_STANDARD_LIBRARIES = YES;
				CODE_SIGN_STYLE = Automatic;
				COMBINE_HIDPI_IMAGES = YES;
				DEVELOPMENT_TEAM = G3B58EP2ZT;
				INFOPLIST_FILE = proxy.pyUITests/Info.plist;
				LD_RUNPATH_SEARCH_PATHS = (
					"$(inherited)",
					"@executable_path/../Frameworks",
					"@loader_path/../Frameworks",
				);
				PRODUCT_BUNDLE_IDENTIFIER = "com.abhinavsingh.proxy-pyUITests";
				PRODUCT_NAME = "$(TARGET_NAME)";
				SWIFT_VERSION = 5.0;
				TEST_TARGET_NAME = proxy.py;
			};
			name = Debug;
		};
		AD1F92D4238864260088A917 /* Release */ = {
			isa = XCBuildConfiguration;
			buildSettings = {
				ALWAYS_EMBED_SWIFT_STANDARD_LIBRARIES = YES;
				CODE_SIGN_STYLE = Automatic;
				COMBINE_HIDPI_IMAGES = YES;
				DEVELOPMENT_TEAM = G3B58EP2ZT;
				INFOPLIST_FILE = proxy.pyUITests/Info.plist;
				LD_RUNPATH_SEARCH_PATHS = (
					"$(inherited)",
					"@executable_path/../Frameworks",
					"@loader_path/../Frameworks",
				);
				PRODUCT_BUNDLE_IDENTIFIER = "com.abhinavsingh.proxy-pyUITests";
				PRODUCT_NAME = "$(TARGET_NAME)";
				SWIFT_VERSION = 5.0;
				TEST_TARGET_NAME = proxy.py;
			};
			name = Release;
		};
/* End XCBuildConfiguration section */

/* Begin XCConfigurationList section */
		AD1F929E238864240088A917 /* Build configuration list for PBXProject "proxy.py" */ = {
			isa = XCConfigurationList;
			buildConfigurations = (
				AD1F92CA238864260088A917 /* Debug */,
				AD1F92CB238864260088A917 /* Release */,
			);
			defaultConfigurationIsVisible = 0;
			defaultConfigurationName = Release;
		};
		AD1F92CC238864260088A917 /* Build configuration list for PBXNativeTarget "proxy.py" */ = {
			isa = XCConfigurationList;
			buildConfigurations = (
				AD1F92CD238864260088A917 /* Debug */,
				AD1F92CE238864260088A917 /* Release */,
			);
			defaultConfigurationIsVisible = 0;
			defaultConfigurationName = Release;
		};
		AD1F92CF238864260088A917 /* Build configuration list for PBXNativeTarget "proxy.pyTests" */ = {
			isa = XCConfigurationList;
			buildConfigurations = (
				AD1F92D0238864260088A917 /* Debug */,
				AD1F92D1238864260088A917 /* Release */,
			);
			defaultConfigurationIsVisible = 0;
			defaultConfigurationName = Release;
		};
		AD1F92D2238864260088A917 /* Build configuration list for PBXNativeTarget "proxy.pyUITests" */ = {
			isa = XCConfigurationList;
			buildConfigurations = (
				AD1F92D3238864260088A917 /* Debug */,
				AD1F92D4238864260088A917 /* Release */,
			);
			defaultConfigurationIsVisible = 0;
			defaultConfigurationName = Release;
		};
/* End XCConfigurationList section */
	};
	rootObject = AD1F929B238864240088A917 /* Project object */;
}
